
Microsoft Visual Studio Solution File, Format Version 12.00
# Visual Studio 15
VisualStudioVersion = 15.0.28010.2036
MinimumVisualStudioVersion = 10.0.40219.1
Project("{FAE04EC0-301F-11D3-BF4B-00C04F79EFBC}") = "EntidadesAbstractas", "EntidadesAbstractas.csproj", "{8383480E-919C-4129-AD18-49C72C905AD3}"
EndProject
Global
	GlobalSection(SolutionConfigurationPlatforms) = preSolution
		Debug|Any CPU = Debug|Any CPU
		Release|Any CPU = Release|Any CPU
	EndGlobalSection
	GlobalSection(ProjectConfigurationPlatforms) = postSolution
		{8383480E-919C-4129-AD18-49C72C905AD3}.Debug|Any CPU.ActiveCfg = Debug|Any CPU
		{8383480E-919C-4129-AD18-49C72C905AD3}.Debug|Any CPU.Build.0 = Debug|Any CPU
		{8383480E-919C-4129-AD18-49C72C905AD3}.Release|Any CPU.ActiveCfg = Release|Any CPU
		{8383480E-919C-4129-AD18-49C72C905AD3}.Release|Any CPU.Build.0 = Release|Any CPU
	EndGlobalSection
	GlobalSection(SolutionProperties) = preSolution
		HideSolutionNode = FALSE
	EndGlobalSection
	GlobalSection(ExtensibilityGlobals) = postSolution
		SolutionGuid = {49C73267-E7C1-4787-A855-1F6F7E05F9A1}
	EndGlobalSection
EndGlobal
